// !$*UTF8*$!
{
	archiveVersion = 1;
	classes = {
	};
	objectVersion = 56;
	objects = {

/* Begin PBXBuildFile section */
		CE8F52E72D50BEDE0061E69B /* AppDelegate.swift in Sources */ = {isa = PBXBuildFile; fileRef = CE8F52E62D50BEDE0061E69B /* AppDelegate.swift */; };
		CE8F52E92D50BEDE0061E69B /* SceneDelegate.swift in Sources */ = {isa = PBXBuildFile; fileRef = CE8F52E82D50BEDE0061E69B /* SceneDelegate.swift */; };
		CE8F52F02D50BEE00061E69B /* Assets.xcassets in Resources */ = {isa = PBXBuildFile; fileRef = CE8F52EF2D50BEE00061E69B /* Assets.xcassets */; };
		CE8F52F32D50BEE00061E69B /* Base in Resources */ = {isa = PBXBuildFile; fileRef = CE8F52F22D50BEE00061E69B /* Base */; };
		CE8F52FB2D5178130061E69B /* CurrencyRate.swift in Sources */ = {isa = PBXBuildFile; fileRef = CE8F52FA2D5178130061E69B /* CurrencyRate.swift */; };
		CE8F53012D51785D0061E69B /* CurrencyCell.swift in Sources */ = {isa = PBXBuildFile; fileRef = CE8F53002D51785D0061E69B /* CurrencyCell.swift */; };
		CE8F53032D5178700061E69B /* CurrencyListView.swift in Sources */ = {isa = PBXBuildFile; fileRef = CE8F53022D5178700061E69B /* CurrencyListView.swift */; };
		CE8F53062D5178920061E69B /* CurrencyViewController.swift in Sources */ = {isa = PBXBuildFile; fileRef = CE8F53052D5178920061E69B /* CurrencyViewController.swift */; };
		CE8F530B2D517D860061E69B /* CurrencyRepositoryProtocol.swift in Sources */ = {isa = PBXBuildFile; fileRef = CE8F530A2D517D860061E69B /* CurrencyRepositoryProtocol.swift */; };
		CE8F530D2D517DA30061E69B /* CurrencyRepository.swift in Sources */ = {isa = PBXBuildFile; fileRef = CE8F530C2D517DA30061E69B /* CurrencyRepository.swift */; };
		CE8F53102D517DC50061E69B /* CurrencyCacheServiceProtocol.swift in Sources */ = {isa = PBXBuildFile; fileRef = CE8F530F2D517DC50061E69B /* CurrencyCacheServiceProtocol.swift */; };
		CE8F53122D517DD60061E69B /* CurrencyCacheService.swift in Sources */ = {isa = PBXBuildFile; fileRef = CE8F53112D517DD60061E69B /* CurrencyCacheService.swift */; };
		CE8F53152D517DE80061E69B /* CurrencyAPIServiceProtocol.swift in Sources */ = {isa = PBXBuildFile; fileRef = CE8F53142D517DE80061E69B /* CurrencyAPIServiceProtocol.swift */; };
		CE8F53172D517DF90061E69B /* CurrencyAPIService.swift in Sources */ = {isa = PBXBuildFile; fileRef = CE8F53162D517DF90061E69B /* CurrencyAPIService.swift */; };
		CE8F531C2D51800C0061E69B /* Localizable.strings in Resources */ = {isa = PBXBuildFile; fileRef = CE8F531A2D51800C0061E69B /* Localizable.strings */; };
		CE8F53212D51841D0061E69B /* FadeAnimation.swift in Sources */ = {isa = PBXBuildFile; fileRef = CE8F53202D51841D0061E69B /* FadeAnimation.swift */; };
		CE8F53242D5185370061E69B /* String+Ext.swift in Sources */ = {isa = PBXBuildFile; fileRef = CE8F53232D5185370061E69B /* String+Ext.swift */; };
/* End PBXBuildFile section */

/* Begin PBXFileReference section */
		CE8F52E32D50BEDE0061E69B /* ExchangeRates.app */ = {isa = PBXFileReference; explicitFileType = wrapper.application; includeInIndex = 0; path = ExchangeRates.app; sourceTree = BUILT_PRODUCTS_DIR; };
		CE8F52E62D50BEDE0061E69B /* AppDelegate.swift */ = {isa = PBXFileReference; lastKnownFileType = sourcecode.swift; path = AppDelegate.swift; sourceTree = "<group>"; };
		CE8F52E82D50BEDE0061E69B /* SceneDelegate.swift */ = {isa = PBXFileReference; lastKnownFileType = sourcecode.swift; path = SceneDelegate.swift; sourceTree = "<group>"; };
		CE8F52EF2D50BEE00061E69B /* Assets.xcassets */ = {isa = PBXFileReference; lastKnownFileType = folder.assetcatalog; path = Assets.xcassets; sourceTree = "<group>"; };
		CE8F52F22D50BEE00061E69B /* Base */ = {isa = PBXFileReference; lastKnownFileType = file.storyboard; name = Base; path = Base.lproj/LaunchScreen.storyboard; sourceTree = "<group>"; };
		CE8F52F42D50BEE00061E69B /* Info.plist */ = {isa = PBXFileReference; lastKnownFileType = text.plist.xml; path = Info.plist; sourceTree = "<group>"; };
		CE8F52FA2D5178130061E69B /* CurrencyRate.swift */ = {isa = PBXFileReference; lastKnownFileType = sourcecode.swift; path = CurrencyRate.swift; sourceTree = "<group>"; };
		CE8F53002D51785D0061E69B /* CurrencyCell.swift */ = {isa = PBXFileReference; lastKnownFileType = sourcecode.swift; path = CurrencyCell.swift; sourceTree = "<group>"; };
		CE8F53022D5178700061E69B /* CurrencyListView.swift */ = {isa = PBXFileReference; lastKnownFileType = sourcecode.swift; path = CurrencyListView.swift; sourceTree = "<group>"; };
		CE8F53052D5178920061E69B /* CurrencyViewController.swift */ = {isa = PBXFileReference; lastKnownFileType = sourcecode.swift; path = CurrencyViewController.swift; sourceTree = "<group>"; };
		CE8F530A2D517D860061E69B /* CurrencyRepositoryProtocol.swift */ = {isa = PBXFileReference; lastKnownFileType = sourcecode.swift; path = CurrencyRepositoryProtocol.swift; sourceTree = "<group>"; };
		CE8F530C2D517DA30061E69B /* CurrencyRepository.swift */ = {isa = PBXFileReference; lastKnownFileType = sourcecode.swift; path = CurrencyRepository.swift; sourceTree = "<group>"; };
		CE8F530F2D517DC50061E69B /* CurrencyCacheServiceProtocol.swift */ = {isa = PBXFileReference; lastKnownFileType = sourcecode.swift; path = CurrencyCacheServiceProtocol.swift; sourceTree = "<group>"; };
		CE8F53112D517DD60061E69B /* CurrencyCacheService.swift */ = {isa = PBXFileReference; lastKnownFileType = sourcecode.swift; path = CurrencyCacheService.swift; sourceTree = "<group>"; };
		CE8F53142D517DE80061E69B /* CurrencyAPIServiceProtocol.swift */ = {isa = PBXFileReference; lastKnownFileType = sourcecode.swift; path = CurrencyAPIServiceProtocol.swift; sourceTree = "<group>"; };
		CE8F53162D517DF90061E69B /* CurrencyAPIService.swift */ = {isa = PBXFileReference; lastKnownFileType = sourcecode.swift; path = CurrencyAPIService.swift; sourceTree = "<group>"; };
		CE8F531B2D51800C0061E69B /* en */ = {isa = PBXFileReference; lastKnownFileType = text.plist.strings; name = en; path = en.lproj/Localizable.strings; sourceTree = "<group>"; };
		CE8F531D2D5180B30061E69B /* ru */ = {isa = PBXFileReference; lastKnownFileType = text.plist.strings; name = ru; path = ru.lproj/LaunchScreen.strings; sourceTree = "<group>"; };
		CE8F531E2D5180B40061E69B /* ru */ = {isa = PBXFileReference; lastKnownFileType = text.plist.strings; name = ru; path = ru.lproj/Localizable.strings; sourceTree = "<group>"; };
		CE8F53202D51841D0061E69B /* FadeAnimation.swift */ = {isa = PBXFileReference; lastKnownFileType = sourcecode.swift; path = FadeAnimation.swift; sourceTree = "<group>"; };
		CE8F53232D5185370061E69B /* String+Ext.swift */ = {isa = PBXFileReference; lastKnownFileType = sourcecode.swift; path = "String+Ext.swift"; sourceTree = "<group>"; };
/* End PBXFileReference section */

/* Begin PBXFrameworksBuildPhase section */
		CE8F52E02D50BEDE0061E69B /* Frameworks */ = {
			isa = PBXFrameworksBuildPhase;
			buildActionMask = 2147483647;
			files = (
			);
			runOnlyForDeploymentPostprocessing = 0;
		};
/* End PBXFrameworksBuildPhase section */

/* Begin PBXGroup section */
		CE8F52DA2D50BEDE0061E69B = {
			isa = PBXGroup;
			children = (
				CE8F52E52D50BEDE0061E69B /* ExchangeRates */,
				CE8F52E42D50BEDE0061E69B /* Products */,
			);
			sourceTree = "<group>";
		};
		CE8F52E42D50BEDE0061E69B /* Products */ = {
			isa = PBXGroup;
			children = (
				CE8F52E32D50BEDE0061E69B /* ExchangeRates.app */,
			);
			name = Products;
			sourceTree = "<group>";
		};
		CE8F52E52D50BEDE0061E69B /* ExchangeRates */ = {
			isa = PBXGroup;
			children = (
				CE8F52E62D50BEDE0061E69B /* AppDelegate.swift */,
				CE8F52E82D50BEDE0061E69B /* SceneDelegate.swift */,
				CE8F52FC2D51781F0061E69B /* Models */,
				CE8F53072D5178DC0061E69B /* Views */,
				CE8F53042D5178820061E69B /* ViewControllers */,
				CE8F53222D5185260061E69B /* Extensions */,
				CE8F53082D517D720061E69B /* Repositories */,
				CE8F52FF2D51783B0061E69B /* Services */,
				CE8F531F2D51840F0061E69B /* Animations */,
				CE8F52F12D50BEE00061E69B /* LaunchScreen.storyboard */,
				CE8F52EF2D50BEE00061E69B /* Assets.xcassets */,
				CE8F52F42D50BEE00061E69B /* Info.plist */,
				CE8F531A2D51800C0061E69B /* Localizable.strings */,
			);
			path = ExchangeRates;
			sourceTree = "<group>";
		};
		CE8F52FC2D51781F0061E69B /* Models */ = {
			isa = PBXGroup;
			children = (
				CE8F52FA2D5178130061E69B /* CurrencyRate.swift */,
			);
			path = Models;
			sourceTree = "<group>";
		};
		CE8F52FF2D51783B0061E69B /* Services */ = {
			isa = PBXGroup;
			children = (
				CE8F53132D517DE10061E69B /* APIs */,
				CE8F530E2D517DBD0061E69B /* Cache */,
			);
			path = Services;
			sourceTree = "<group>";
		};
		CE8F53042D5178820061E69B /* ViewControllers */ = {
			isa = PBXGroup;
			children = (
				CE8F53052D5178920061E69B /* CurrencyViewController.swift */,
			);
			path = ViewControllers;
			sourceTree = "<group>";
		};
		CE8F53072D5178DC0061E69B /* Views */ = {
			isa = PBXGroup;
			children = (
				CE8F53022D5178700061E69B /* CurrencyListView.swift */,
				CE8F53002D51785D0061E69B /* CurrencyCell.swift */,
			);
			path = Views;
			sourceTree = "<group>";
		};
		CE8F53082D517D720061E69B /* Repositories */ = {
			isa = PBXGroup;
			children = (
				CE8F53092D517D7F0061E69B /* Currency */,
			);
			path = Repositories;
			sourceTree = "<group>";
		};
		CE8F53092D517D7F0061E69B /* Currency */ = {
			isa = PBXGroup;
			children = (
				CE8F530A2D517D860061E69B /* CurrencyRepositoryProtocol.swift */,
				CE8F530C2D517DA30061E69B /* CurrencyRepository.swift */,
			);
			path = Currency;
			sourceTree = "<group>";
		};
		CE8F530E2D517DBD0061E69B /* Cache */ = {
			isa = PBXGroup;
			children = (
				CE8F530F2D517DC50061E69B /* CurrencyCacheServiceProtocol.swift */,
				CE8F53112D517DD60061E69B /* CurrencyCacheService.swift */,
			);
			path = Cache;
			sourceTree = "<group>";
		};
		CE8F53132D517DE10061E69B /* APIs */ = {
			isa = PBXGroup;
			children = (
				CE8F53142D517DE80061E69B /* CurrencyAPIServiceProtocol.swift */,
				CE8F53162D517DF90061E69B /* CurrencyAPIService.swift */,
			);
			path = APIs;
			sourceTree = "<group>";
		};
		CE8F531F2D51840F0061E69B /* Animations */ = {
			isa = PBXGroup;
			children = (
				CE8F53202D51841D0061E69B /* FadeAnimation.swift */,
			);
			path = Animations;
			sourceTree = "<group>";
		};
		CE8F53222D5185260061E69B /* Extensions */ = {
			isa = PBXGroup;
			children = (
				CE8F53232D5185370061E69B /* String+Ext.swift */,
			);
			path = Extensions;
			sourceTree = "<group>";
		};
/* End PBXGroup section */

/* Begin PBXNativeTarget section */
		CE8F52E22D50BEDE0061E69B /* ExchangeRates */ = {
			isa = PBXNativeTarget;
			buildConfigurationList = CE8F52F72D50BEE00061E69B /* Build configuration list for PBXNativeTarget "ExchangeRates" */;
			buildPhases = (
				CE8F52DF2D50BEDE0061E69B /* Sources */,
				CE8F52E02D50BEDE0061E69B /* Frameworks */,
				CE8F52E12D50BEDE0061E69B /* Resources */,
			);
			buildRules = (
			);
			dependencies = (
			);
			name = ExchangeRates;
			productName = ExchangeRates;
			productReference = CE8F52E32D50BEDE0061E69B /* ExchangeRates.app */;
			productType = "com.apple.product-type.application";
		};
/* End PBXNativeTarget section */

/* Begin PBXProject section */
		CE8F52DB2D50BEDE0061E69B /* Project object */ = {
			isa = PBXProject;
			attributes = {
				BuildIndependentTargetsInParallel = 1;
				LastSwiftUpdateCheck = 1540;
				LastUpgradeCheck = 1540;
				TargetAttributes = {
					CE8F52E22D50BEDE0061E69B = {
						CreatedOnToolsVersion = 15.4;
					};
				};
			};
			buildConfigurationList = CE8F52DE2D50BEDE0061E69B /* Build configuration list for PBXProject "ExchangeRates" */;
			compatibilityVersion = "Xcode 14.0";
			developmentRegion = en;
			hasScannedForEncodings = 0;
			knownRegions = (
				en,
				Base,
				ru,
			);
			mainGroup = CE8F52DA2D50BEDE0061E69B;
			productRefGroup = CE8F52E42D50BEDE0061E69B /* Products */;
			projectDirPath = "";
			projectRoot = "";
			targets = (
				CE8F52E22D50BEDE0061E69B /* ExchangeRates */,
			);
		};
/* End PBXProject section */

/* Begin PBXResourcesBuildPhase section */
		CE8F52E12D50BEDE0061E69B /* Resources */ = {
			isa = PBXResourcesBuildPhase;
			buildActionMask = 2147483647;
			files = (
				CE8F52F02D50BEE00061E69B /* Assets.xcassets in Resources */,
				CE8F531C2D51800C0061E69B /* Localizable.strings in Resources */,
				CE8F52F32D50BEE00061E69B /* Base in Resources */,
			);
			runOnlyForDeploymentPostprocessing = 0;
		};
/* End PBXResourcesBuildPhase section */

/* Begin PBXSourcesBuildPhase section */
		CE8F52DF2D50BEDE0061E69B /* Sources */ = {
			isa = PBXSourcesBuildPhase;
			buildActionMask = 2147483647;
			files = (
				CE8F530B2D517D860061E69B /* CurrencyRepositoryProtocol.swift in Sources */,
				CE8F53122D517DD60061E69B /* CurrencyCacheService.swift in Sources */,
				CE8F53012D51785D0061E69B /* CurrencyCell.swift in Sources */,
				CE8F53062D5178920061E69B /* CurrencyViewController.swift in Sources */,
				CE8F530D2D517DA30061E69B /* CurrencyRepository.swift in Sources */,
				CE8F52FB2D5178130061E69B /* CurrencyRate.swift in Sources */,
				CE8F53032D5178700061E69B /* CurrencyListView.swift in Sources */,
				CE8F52E72D50BEDE0061E69B /* AppDelegate.swift in Sources */,
				CE8F53242D5185370061E69B /* String+Ext.swift in Sources */,
				CE8F53102D517DC50061E69B /* CurrencyCacheServiceProtocol.swift in Sources */,
				CE8F53152D517DE80061E69B /* CurrencyAPIServiceProtocol.swift in Sources */,
				CE8F52E92D50BEDE0061E69B /* SceneDelegate.swift in Sources */,
				CE8F53172D517DF90061E69B /* CurrencyAPIService.swift in Sources */,
				CE8F53212D51841D0061E69B /* FadeAnimation.swift in Sources */,
			);
			runOnlyForDeploymentPostprocessing = 0;
		};
/* End PBXSourcesBuildPhase section */

/* Begin PBXVariantGroup section */
		CE8F52F12D50BEE00061E69B /* LaunchScreen.storyboard */ = {
			isa = PBXVariantGroup;
			children = (
				CE8F52F22D50BEE00061E69B /* Base */,
				CE8F531D2D5180B30061E69B /* ru */,
			);
			name = LaunchScreen.storyboard;
			sourceTree = "<group>";
		};
		CE8F531A2D51800C0061E69B /* Localizable.strings */ = {
			isa = PBXVariantGroup;
			children = (
				CE8F531B2D51800C0061E69B /* en */,
				CE8F531E2D5180B40061E69B /* ru */,
			);
			name = Localizable.strings;
			sourceTree = "<group>";
		};
/* End PBXVariantGroup section */

/* Begin XCBuildConfiguration section */
		CE8F52F52D50BEE00061E69B /* Debug */ = {
			isa = XCBuildConfiguration;
			buildSettings = {
				ALWAYS_SEARCH_USER_PATHS = NO;
				ASSETCATALOG_COMPILER_GENERATE_SWIFT_ASSET_SYMBOL_EXTENSIONS = YES;
				CLANG_ANALYZER_LOCALIZABILITY_NONLOCALIZED = YES;
				CLANG_ANALYZER_NONNULL = YES;
				CLANG_ANALYZER_NUMBER_OBJECT_CONVERSION = YES_AGGRESSIVE;
				CLANG_CXX_LANGUAGE_STANDARD = "gnu++20";
				CLANG_ENABLE_MODULES = YES;
				CLANG_ENABLE_OBJC_ARC = YES;
				CLANG_ENABLE_OBJC_WEAK = YES;
				CLANG_WARN_BLOCK_CAPTURE_AUTORELEASING = YES;
				CLANG_WARN_BOOL_CONVERSION = YES;
				CLANG_WARN_COMMA = YES;
				CLANG_WARN_CONSTANT_CONVERSION = YES;
				CLANG_WARN_DEPRECATED_OBJC_IMPLEMENTATIONS = YES;
				CLANG_WARN_DIRECT_OBJC_ISA_USAGE = YES_ERROR;
				CLANG_WARN_DOCUMENTATION_COMMENTS = YES;
				CLANG_WARN_EMPTY_BODY = YES;
				CLANG_WARN_ENUM_CONVERSION = YES;
				CLANG_WARN_INFINITE_RECURSION = YES;
				CLANG_WARN_INT_CONVERSION = YES;
				CLANG_WARN_NON_LITERAL_NULL_CONVERSION = YES;
				CLANG_WARN_OBJC_IMPLICIT_RETAIN_SELF = YES;
				CLANG_WARN_OBJC_LITERAL_CONVERSION = YES;
				CLANG_WARN_OBJC_ROOT_CLASS = YES_ERROR;
				CLANG_WARN_QUOTED_INCLUDE_IN_FRAMEWORK_HEADER = YES;
				CLANG_WARN_RANGE_LOOP_ANALYSIS = YES;
				CLANG_WARN_STRICT_PROTOTYPES = YES;
				CLANG_WARN_SUSPICIOUS_MOVE = YES;
				CLANG_WARN_UNGUARDED_AVAILABILITY = YES_AGGRESSIVE;
				CLANG_WARN_UNREACHABLE_CODE = YES;
				CLANG_WARN__DUPLICATE_METHOD_MATCH = YES;
				COPY_PHASE_STRIP = NO;
				DEBUG_INFORMATION_FORMAT = dwarf;
				ENABLE_STRICT_OBJC_MSGSEND = YES;
				ENABLE_TESTABILITY = YES;
				ENABLE_USER_SCRIPT_SANDBOXING = YES;
				GCC_C_LANGUAGE_STANDARD = gnu17;
				GCC_DYNAMIC_NO_PIC = NO;
				GCC_NO_COMMON_BLOCKS = YES;
				GCC_OPTIMIZATION_LEVEL = 0;
				GCC_PREPROCESSOR_DEFINITIONS = (
					"DEBUG=1",
					"$(inherited)",
				);
				GCC_WARN_64_TO_32_BIT_CONVERSION = YES;
				GCC_WARN_ABOUT_RETURN_TYPE = YES_ERROR;
				GCC_WARN_UNDECLARED_SELECTOR = YES;
				GCC_WARN_UNINITIALIZED_AUTOS = YES_AGGRESSIVE;
				GCC_WARN_UNUSED_FUNCTION = YES;
				GCC_WARN_UNUSED_VARIABLE = YES;
				IPHONEOS_DEPLOYMENT_TARGET = 17.5;
				LOCALIZATION_PREFERS_STRING_CATALOGS = YES;
				MTL_ENABLE_DEBUG_INFO = INCLUDE_SOURCE;
				MTL_FAST_MATH = YES;
				ONLY_ACTIVE_ARCH = YES;
				SDKROOT = iphoneos;
				SWIFT_ACTIVE_COMPILATION_CONDITIONS = "DEBUG $(inherited)";
				SWIFT_OPTIMIZATION_LEVEL = "-Onone";
			};
			name = Debug;
		};
		CE8F52F62D50BEE00061E69B /* Release */ = {
			isa = XCBuildConfiguration;
			buildSettings = {
				ALWAYS_SEARCH_USER_PATHS = NO;
				ASSETCATALOG_COMPILER_GENERATE_SWIFT_ASSET_SYMBOL_EXTENSIONS = YES;
				CLANG_ANALYZER_LOCALIZABILITY_NONLOCALIZED = YES;
				CLANG_ANALYZER_NONNULL = YES;
				CLANG_ANALYZER_NUMBER_OBJECT_CONVERSION = YES_AGGRESSIVE;
				CLANG_CXX_LANGUAGE_STANDARD = "gnu++20";
				CLANG_ENABLE_MODULES = YES;
				CLANG_ENABLE_OBJC_ARC = YES;
				CLANG_ENABLE_OBJC_WEAK = YES;
				CLANG_WARN_BLOCK_CAPTURE_AUTORELEASING = YES;
				CLANG_WARN_BOOL_CONVERSION = YES;
				CLANG_WARN_COMMA = YES;
				CLANG_WARN_CONSTANT_CONVERSION = YES;
				CLANG_WARN_DEPRECATED_OBJC_IMPLEMENTATIONS = YES;
				CLANG_WARN_DIRECT_OBJC_ISA_USAGE = YES_ERROR;
				CLANG_WARN_DOCUMENTATION_COMMENTS = YES;
				CLANG_WARN_EMPTY_BODY = YES;
				CLANG_WARN_ENUM_CONVERSION = YES;
				CLANG_WARN_INFINITE_RECURSION = YES;
				CLANG_WARN_INT_CONVERSION = YES;
				CLANG_WARN_NON_LITERAL_NULL_CONVERSION = YES;
				CLANG_WARN_OBJC_IMPLICIT_RETAIN_SELF = YES;
				CLANG_WARN_OBJC_LITERAL_CONVERSION = YES;
				CLANG_WARN_OBJC_ROOT_CLASS = YES_ERROR;
				CLANG_WARN_QUOTED_INCLUDE_IN_FRAMEWORK_HEADER = YES;
				CLANG_WARN_RANGE_LOOP_ANALYSIS = YES;
				CLANG_WARN_STRICT_PROTOTYPES = YES;
				CLANG_WARN_SUSPICIOUS_MOVE = YES;
				CLANG_WARN_UNGUARDED_AVAILABILITY = YES_AGGRESSIVE;
				CLANG_WARN_UNREACHABLE_CODE = YES;
				CLANG_WARN__DUPLICATE_METHOD_MATCH = YES;
				COPY_PHASE_STRIP = NO;
				DEBUG_INFORMATION_FORMAT = "dwarf-with-dsym";
				ENABLE_NS_ASSERTIONS = NO;
				ENABLE_STRICT_OBJC_MSGSEND = YES;
				ENABLE_USER_SCRIPT_SANDBOXING = YES;
				GCC_C_LANGUAGE_STANDARD = gnu17;
				GCC_NO_COMMON_BLOCKS = YES;
				GCC_WARN_64_TO_32_BIT_CONVERSION = YES;
				GCC_WARN_ABOUT_RETURN_TYPE = YES_ERROR;
				GCC_WARN_UNDECLARED_SELECTOR = YES;
				GCC_WARN_UNINITIALIZED_AUTOS = YES_AGGRESSIVE;
				GCC_WARN_UNUSED_FUNCTION = YES;
				GCC_WARN_UNUSED_VARIABLE = YES;
				IPHONEOS_DEPLOYMENT_TARGET = 17.5;
				LOCALIZATION_PREFERS_STRING_CATALOGS = YES;
				MTL_ENABLE_DEBUG_INFO = NO;
				MTL_FAST_MATH = YES;
				SDKROOT = iphoneos;
				SWIFT_COMPILATION_MODE = wholemodule;
				VALIDATE_PRODUCT = YES;
			};
			name = Release;
		};
		CE8F52F82D50BEE00061E69B /* Debug */ = {
			isa = XCBuildConfiguration;
			buildSettings = {
				ASSETCATALOG_COMPILER_APPICON_NAME = AppIcon;
				ASSETCATALOG_COMPILER_GLOBAL_ACCENT_COLOR_NAME = AccentColor;
				CODE_SIGN_STYLE = Automatic;
				CURRENT_PROJECT_VERSION = 1;
				DEVELOPMENT_TEAM = RYQ797LH6K;
				GENERATE_INFOPLIST_FILE = YES;
				INFOPLIST_FILE = ExchangeRates/Info.plist;
				INFOPLIST_KEY_UIApplicationSupportsIndirectInputEvents = YES;
				INFOPLIST_KEY_UILaunchStoryboardName = LaunchScreen;
				INFOPLIST_KEY_UIMainStoryboardFile = "";
				INFOPLIST_KEY_UISupportedInterfaceOrientations_iPad = "UIInterfaceOrientationPortrait UIInterfaceOrientationPortraitUpsideDown UIInterfaceOrientationLandscapeLeft UIInterfaceOrientationLandscapeRight";
				INFOPLIST_KEY_UISupportedInterfaceOrientations_iPhone = "UIInterfaceOrientationPortrait UIInterfaceOrientationLandscapeLeft UIInterfaceOrientationLandscapeRight";
				IPHONEOS_DEPLOYMENT_TARGET = 13.0;
				LD_RUNPATH_SEARCH_PATHS = (
					"$(inherited)",
					"@executable_path/Frameworks",
				);
				MARKETING_VERSION = 1.0;
				PRODUCT_BUNDLE_IDENTIFIER = com.wings.ExchangeRates;
				PRODUCT_NAME = "$(TARGET_NAME)";
				SWIFT_EMIT_LOC_STRINGS = YES;
				SWIFT_VERSION = 5.0;
				TARGETED_DEVICE_FAMILY = "1,2";
			};
			name = Debug;
		};
		CE8F52F92D50BEE00061E69B /* Release */ = {
			isa = XCBuildConfiguration;
			buildSettings = {
				ASSETCATALOG_COMPILER_APPICON_NAME = AppIcon;
				ASSETCATALOG_COMPILER_GLOBAL_ACCENT_COLOR_NAME = AccentColor;
				CODE_SIGN_STYLE = Automatic;
				CURRENT_PROJECT_VERSION = 1;
				DEVELOPMENT_TEAM = RYQ797LH6K;
				GENERATE_INFOPLIST_FILE = YES;
				INFOPLIST_FILE = ExchangeRates/Info.plist;
				INFOPLIST_KEY_UIApplicationSupportsIndirectInputEvents = YES;
				INFOPLIST_KEY_UILaunchStoryboardName = LaunchScreen;
				INFOPLIST_KEY_UIMainStoryboardFile = "";
				INFOPLIST_KEY_UISupportedInterfaceOrientations_iPad = "UIInterfaceOrientationPortrait UIInterfaceOrientationPortraitUpsideDown UIInterfaceOrientationLandscapeLeft UIInterfaceOrientationLandscapeRight";
				INFOPLIST_KEY_UISupportedInterfaceOrientations_iPhone = "UIInterfaceOrientationPortrait UIInterfaceOrientationLandscapeLeft UIInterfaceOrientationLandscapeRight";
				IPHONEOS_DEPLOYMENT_TARGET = 13.0;
				LD_RUNPATH_SEARCH_PATHS = (
					"$(inherited)",
					"@executable_path/Frameworks",
				);
				MARKETING_VERSION = 1.0;
				PRODUCT_BUNDLE_IDENTIFIER = com.wings.ExchangeRates;
				PRODUCT_NAME = "$(TARGET_NAME)";
				SWIFT_EMIT_LOC_STRINGS = YES;
				SWIFT_VERSION = 5.0;
				TARGETED_DEVICE_FAMILY = "1,2";
			};
			name = Release;
		};
/* End XCBuildConfiguration section */

/* Begin XCConfigurationList section */
		CE8F52DE2D50BEDE0061E69B /* Build configuration list for PBXProject "ExchangeRates" */ = {
			isa = XCConfigurationList;
			buildConfigurations = (
				CE8F52F52D50BEE00061E69B /* Debug */,
				CE8F52F62D50BEE00061E69B /* Release */,
			);
			defaultConfigurationIsVisible = 0;
			defaultConfigurationName = Release;
		};
		CE8F52F72D50BEE00061E69B /* Build configuration list for PBXNativeTarget "ExchangeRates" */ = {
			isa = XCConfigurationList;
			buildConfigurations = (
				CE8F52F82D50BEE00061E69B /* Debug */,
				CE8F52F92D50BEE00061E69B /* Release */,
			);
			defaultConfigurationIsVisible = 0;
			defaultConfigurationName = Release;
		};
/* End XCConfigurationList section */
	};
	rootObject = CE8F52DB2D50BEDE0061E69B /* Project object */;
}
